# This file is automatically @generated by Cargo.
# It is not intended for manual editing.
version = 3

[[package]]
name = "fejixwm"
version = "0.0.1"
dependencies = [
 "fejixwm_core",
 "fejixwm_platform_x11",
]

[[package]]
name = "fejixwm_capi"
version = "0.0.1"
dependencies = [
 "fejixwm",
]

[[package]]
name = "fejixwm_core"
version = "0.0.1"

[[package]]
name = "fejixwm_platform_x11"
version = "0.0.1"
dependencies = [
 "fejixwm_core",
]
